github.com/beorn7/perks v1.0.1 h1:VlbKKnNfV8bJzeqoa4cOKqO6bYr3WgKZxO8Z16+hsOM=
github.com/beorn7/perks v1.0.1/go.mod h1:G2ZrVWU2WbWT9wwq4/hrbKbnv/1ERSJQ0ibhJ6rlkpw=
github.com/cespare/xxhash/v2 v2.3.0 h1:UL815xU9SqsFlibzuggzjXhog7bL6oX9BbNZnL2UFvs=
github.com/cespare/xxhash/v2 v2.3.0/go.mod h1:VGX0DQ3Q6kWi7AoAeZDth3/j3BFtOZR5XLFGgcrjCOs=
github.com/davecgh/go-spew v1.1.1 h1:vj9j/u1bqnvCEfJOwUhtlOARqs3+rkHYY13jYWTU97c=
github.com/davecgh/go-spew v1.1.1/go.mod h1:J7Y8YcW2NihsgmVo/mv3lAwl/skON4iLHjSsI+c5H38=
github.com/dustin/go-humanize v1.0.1 h1:GzkhY7T5VNhEkwH0PVJgjz+fX1rhBrR7pRT3mDkpeCY=
github.com/dustin/go-humanize v1.0.1/go.mod h1:Mu1zIs6XwVuF/gI1OepvI0qD18qycQx+mFykh5fBlto=
github.com/go-logr/logr v1.4.3 h1:CjnDlHq8ikf6E492q6eKboGOC0T8CDaOvkHCIg8idEI=
github.com/go-logr/logr v1.4.3/go.mod h1:9T104GzyrTigFIr8wt5mBrctHMim0Nb2HLGrmQ40KvY=
github.com/go-logr/stdr v1.2.2 h1:hSWxHoqTgW2S2qGc0LTAI563KZ5YKYRhT3MFKZMbjag=
github.com/go-logr/stdr v1.2.2/go.mod h1:mMo/vtBO5dYbehREoey6XUKy/eSumjCCveDpRre4VKE=
github.com/golang/protobuf v1.5.4 h1:i7eJL8qZTpSEXOPTxNKhASYpMn+8e5Q6AdndVa1dWek=
github.com/golang/protobuf v1.5.4/go.mod h1:lnTiLA8Wa4RWRcIUkrtSVa5nRhsEGBg48fD6rSs7xps=
github.com/google/go-cmp v0.7.0 h1:wk8382ETsv4JYUZwIsn6YpYiWiBsYLSJiTsyBybVuN8=
github.com/google/go-cmp v0.7.0/go.mod h1:pXiqmnSA92OHEEa9HXL2W4E7lf9JzCmGVUdgjX3N/iU=
github.com/google/uuid v1.6.0 h1:NIvaJDMOsjHA8n1jAhLSgzrAzy1Hgr+hNrb57e+94F0=
github.com/google/uuid v1.6.0/go.mod h1:TIyPZe4MgqvfeYDBFedMoGGpEw/LqOeaOT+nhxU+yHo=
github.com/grafana/pyroscope-go v1.2.7 h1:VWBBlqxjyR0Cwk2W6UrE8CdcdD80GOFNutj0Kb1T8ac=
github.com/grafana/pyroscope-go v1.2.7/go.mod h1:o/bpSLiJYYP6HQtvcoVKiE9s5RiNgjYTj1DhiddP2Pc=
github.com/grafana/pyroscope-go/godeltaprof v0.1.9 h1:c1Us8i6eSmkW+Ez05d3co8kasnuOY813tbMN8i/a3Og=
github.com/grafana/pyroscope-go/godeltaprof v0.1.9/go.mod h1:2+l7K7twW49Ct4wFluZD3tZ6e0SjanjcUUBPVD/UuGU=
github.com/klauspost/compress v1.18.0 h1:c/Cqfb0r+Yi+JtIEq73FWXVkRonBlf0CRNYc8Zttxdo=
github.com/klauspost/compress v1.18.0/go.mod h1:2Pp+KzxcywXVXMr50+X0Q/Lsb43OQHYWRCY2AiWywWQ=
github.com/klauspost/compress v1.18.2 h1:iiPHWW0YrcFgpBYhsA6D1+fqHssJscY/Tm/y2Uqnapk=
github.com/klauspost/compress v1.18.2/go.mod h1:R0h/fSBs8DE4ENlcrlib3PsXS61voFxhIs2DeRhCvJ4=
github.com/kr/pretty v0.3.1 h1:flRD4NNwYAUpkphVc1HcthR4KEIFJ65n8Mw5qdRn3LE=
github.com/kr/pretty v0.3.1/go.mod h1:hoEshYVHaxMs3cyo3Yncou5ZscifuDolrwPKZanG3xk=
github.com/kr/text v0.2.0 h1:5Nx0Ya0ZqY2ygV366QzturHI13Jq95ApcVaJBhpS+AY=
github.com/kr/text v0.2.0/go.mod h1:eLer722TekiGuMkidMxC/pM04lWEeraHUUmBw8l2grE=
github.com/kylelemons/godebug v1.1.0 h1:RPNrshWIDI6G2gRW9EHilWtl7Z6Sb1BR0xunSBf0SNc=
github.com/kylelemons/godebug v1.1.0/go.mod h1:9/0rRGxNHcop5bhtWyNeEfOS8JIWk580+fNqagV/RAw=
github.com/munnerz/goautoneg v0.0.0-20191010083416-a7dc8b61c822 h1:C3w9PqII01/Oq1c1nUAm88MOHcQC9l5mIlSMApZMrHA=
github.com/munnerz/goautoneg v0.0.0-20191010083416-a7dc8b61c822/go.mod h1:+n7T8mK8HuQTcFwEeznm/DIxMOiR9yIdICNftLE1DvQ=
github.com/pmezard/go-difflib v1.0.0 h1:4DBwDE0NGyQoBHbLQYPwSUPoCMWR5BEzIk/f1lZbAQM=
github.com/pmezard/go-difflib v1.0.0/go.mod h1:iKH77koFhYxTK1pcRnkKkqfTogsbg7gZNVY4sRDYZ/4=
github.com/prometheus/client_golang v1.23.2 h1:Je96obch5RDVy3FDMndoUsjAhG5Edi49h0RJWRi/o0o=
github.com/prometheus/client_golang v1.23.2/go.mod h1:Tb1a6LWHB3/SPIzCoaDXI4I8UHKeFTEQ1YCr+0Gyqmg=
github.com/prometheus/client_model v0.6.2 h1:oBsgwpGs7iVziMvrGhE53c/GrLUsZdHnqNwqPLxwZyk=
github.com/prometheus/client_model v0.6.2/go.mod h1:y3m2F6Gdpfy6Ut/GBsUqTWZqCUvMVzSfMLjcu6wAwpE=
github.com/prometheus/common v0.67.4 h1:yR3NqWO1/UyO1w2PhUvXlGQs/PtFmoveVO0KZ4+Lvsc=
github.com/prometheus/common v0.67.4/go.mod h1:gP0fq6YjjNCLssJCQp0yk4M8W6ikLURwkdd/YKtTbyI=
github.com/prometheus/procfs v0.19.2 h1:zUMhqEW66Ex7OXIiDkll3tl9a1ZdilUOd/F6ZXw4Vws=
github.com/prometheus/procfs v0.19.2/go.mod h1:M0aotyiemPhBCM0z5w87kL22CxfcH05ZpYlu+b4J7mw=
github.com/rogpeppe/go-internal v1.10.0 h1:TMyTOH3F/DB16zRVcYyreMH6GnZZrwQVAoYjRBZyWFQ=
github.com/rogpeppe/go-internal v1.10.0/go.mod h1:UQnix2H7Ngw/k4C5ijL5+65zddjncjaFoBhdsK/akog=
github.com/stretchr/objx v0.5.2 h1:xuMeJ0Sdp5ZMRXx/aWO6RZxdr3beISkG5/G/aIRr3pY=
github.com/stretchr/objx v0.5.2/go.mod h1:FRsXN1f5AsAjCGJKqEizvkpNtU+EGNCLh3NxZ/8L+MA=
github.com/stretchr/testify v1.11.1 h1:7s2iGBzp5EwR7/aIZr8ao5+dra3wiQyKjjFuvgVKu7U=
github.com/stretchr/testify v1.11.1/go.mod h1:wZwfW3scLgRK+23gO65QZefKpKQRnfz6sD981Nm4B6U=
go.opentelemetry.io/auto/sdk v1.2.1 h1:jXsnJ4Lmnqd11kwkBV2LgLoFMZKizbCi5fNZ/ipaZ64=
go.opentelemetry.io/auto/sdk v1.2.1/go.mod h1:KRTj+aOaElaLi+wW1kO/DZRXwkF4C5xPbEe3ZiIhN7Y=
go.opentelemetry.io/otel v1.38.0 h1:RkfdswUDRimDg0m2Az18RKOsnI8UDzppJAtj01/Ymk8=
go.opentelemetry.io/otel v1.38.0/go.mod h1:zcmtmQ1+YmQM9wrNsTGV/q/uyusom3P8RxwExxkZhjM=
go.opentelemetry.io/otel/metric v1.38.0 h1:Kl6lzIYGAh5M159u9NgiRkmoMKjvbsKtYRwgfrA6WpA=
go.opentelemetry.io/otel/metric v1.38.0/go.mod h1:kB5n/QoRM8YwmUahxvI3bO34eVtQf2i4utNVLr9gEmI=
go.opentelemetry.io/otel/sdk v1.38.0 h1:l48sr5YbNf2hpCUj/FoGhW9yDkl+Ma+LrVl8qaM5b+E=
go.opentelemetry.io/otel/sdk v1.38.0/go.mod h1:ghmNdGlVemJI3+ZB5iDEuk4bWA3GkTpW+DOoZMYBVVg=
go.opentelemetry.io/otel/sdk/metric v1.38.0 h1:aSH66iL0aZqo//xXzQLYozmWrXxyFkBJ6qT5wthqPoM=
go.opentelemetry.io/otel/sdk/metric v1.38.0/go.mod h1:dg9PBnW9XdQ1Hd6ZnRz689CbtrUp0wMMs9iPcgT9EZA=
go.opentelemetry.io/otel/trace v1.38.0 h1:Fxk5bKrDZJUH+AMyyIXGcFAPah0oRcT+LuNtJrmcNLE=
go.opentelemetry.io/otel/trace v1.38.0/go.mod h1:j1P9ivuFsTceSWe1oY+EeW3sc+Pp42sO++GHkg4wwhs=
go.uber.org/goleak v1.3.0 h1:2K3zAYmnTNqV73imy9J1T3WC+gmCePx2hEGkimedGto=
go.uber.org/goleak v1.3.0/go.mod h1:CoHD4mav9JJNrW/WLlf7HGZPjdw8EucARQHekz1X6bE=
go.yaml.in/yaml/v2 v2.4.3 h1:6gvOSjQoTB3vt1l+CU+tSyi/HOjfOjRLJ4YwYZGwRO0=
go.yaml.in/yaml/v2 v2.4.3/go.mod h1:zSxWcmIDjOzPXpjlTTbAsKokqkDNAVtZO0WOMiT90s8=
golang.conradwood.net/apis/auth v1.1.4268 h1:JMxBo9/INEIYZ4HZhOsDpepDubqEalMYIdn8D4CZTsw=
golang.conradwood.net/apis/auth v1.1.4268/go.mod h1:2GbiDfEtabQYz6ouUOv5JZMJifqKWn5mb9adx0B53VY=
golang.conradwood.net/apis/autodeployer v1.1.4251 h1:KxSuyb9ElE+CN4EDBbbQp0brLF2FZY1HREb1PELdE3s=
golang.conradwood.net/apis/autodeployer v1.1.4251/go.mod h1:e9shJZzpGtRf0RpiqjKaXlfe2Og76A6Qp2qeDN/wZR0=
golang.conradwood.net/apis/autodeployer v1.1.4268 h1:RKtrNjOpAR7A3HpAmI0ODv2fnBO2ry1untIKm6uu7Bw=
golang.conradwood.net/apis/autodeployer v1.1.4268/go.mod h1:RGhkxx+03ES2cMVPbHa2QECb9OtP8SUQucyiyzWM2Lg=
golang.conradwood.net/apis/certmanager v1.1.4186 h1:Sd6r21Kgr32i7eA4ESb2Ojh/90A2T/QSeJi2JJzyxqU=
golang.conradwood.net/apis/certmanager v1.1.4186/go.mod h1:iP2UAR7LDbpmdTTre3XpjPbVwQOCmaYf7ee5cpWrkPM=
golang.conradwood.net/apis/certmanager v1.1.4268 h1:lvlmrsm7r495uZAglyQR+gWlBrBxgIXZkAj4eNly9bo=
golang.conradwood.net/apis/certmanager v1.1.4268/go.mod h1:IePpG4Yehy0rbf29uSoyzTnZj1dM8iSc1dc9qjRIGpY=
golang.conradwood.net/apis/common v1.1.4268 h1:g8UG6zT+ka7dVmNfwKGzxIgKREVhBAyJDZYX3KYDhds=
golang.conradwood.net/apis/common v1.1.4268/go.mod h1:3/KWE8X/2l7jZFa1nUZ7anSYGLKSmB+cENuG/yiG9R4=
golang.conradwood.net/apis/deploymonkey v1.1.4251 h1:t753B6X8bDrGq/12CcgblVjSgHc+45dnYgVrqSOca2A=
golang.conradwood.net/apis/deploymonkey v1.1.4251/go.mod h1:mCT19BtWKxYa0MDrkvC9Kw0OmQOdKBSMmZjUmWHwCQ8=
golang.conradwood.net/apis/deploymonkey v1.1.4268 h1:DKZROOSyBdsT8oWNHEVxa11W/1vGWTZLG9GXqxlEKEw=
golang.conradwood.net/apis/deploymonkey v1.1.4268/go.mod h1:kdkHedO8Bv8rqyz8ePfA/+zDylTFRxb48NR3OLZMFwE=
golang.conradwood.net/apis/framework v1.1.4268 h1:oLwnpvFv9r7+GCEp97zIURB60NNOJlhYMOn0xAhR+3k=
golang.conradwood.net/apis/framework v1.1.4268/go.mod h1:0o9FgxG7P6ExYHH4P56qY621+F+cqUlbiUe9ObaGHnY=
golang.conradwood.net/apis/getestservice v1.1.4186 h1:GqeTGYO9HNNhUk2B0iek0NrbkKsupLdn4CnXb3SgW9c=
golang.conradwood.net/apis/getestservice v1.1.4186/go.mod h1:QRqDcOUgpnz0QlE1qSi4eKJiJwtSIGXKzE4NsQhvqMs=
golang.conradwood.net/apis/getestservice v1.1.4268 h1:k3DMOPBgY4HRqIrFu49C64nGff57DhPwglDcq8tqcfY=
golang.conradwood.net/apis/getestservice v1.1.4268/go.mod h1:eGL00cF1ly2zreZAvHEv2PNZW9jcIxWtBdUuTIfilG0=
golang.conradwood.net/apis/goeasyops v1.1.4268 h1:tSbXlqLUPM2ZvKfXJRag+EtjJkNuzRZfuE6zN6my1I0=
golang.conradwood.net/apis/goeasyops v1.1.4268/go.mod h1:TsGz2MfVkqBBkd+uVJemWzhjnVeBnNjVa+MPna45vYk=
golang.conradwood.net/apis/grafanadata v1.1.4251 h1:hyxitIinMTH2WTP/pij7vCPbPcaYKPTiLNFIbdFduyk=
golang.conradwood.net/apis/grafanadata v1.1.4251/go.mod h1:vu5vJ9UVOfKpigCLHJUNf1COuHoplRkM8Ca7WBLf8Rs=
golang.conradwood.net/apis/grafanadata v1.1.4268 h1:wXFU0zPlXcQoXk6P71RD5iFlg/TF/Shb+xpz1ljQAJU=
golang.conradwood.net/apis/grafanadata v1.1.4268/go.mod h1:OEiUwb1Fn+oWpApnR4tRs2fNkRLMo6ZkZBh3ULZj3/M=
golang.conradwood.net/apis/h2gproxy v1.1.4186 h1:oViTHrrbPQ/hUz4ERGZhF8yiAWxnDrPhOy/qILnWTR0=
golang.conradwood.net/apis/h2gproxy v1.1.4186/go.mod h1:FYqmTnFpVW+FM5eiWDH3U055w04bmDHxOXotCbDec4c=
golang.conradwood.net/apis/h2gproxy v1.1.4268 h1:1LE9lh/oN3JQSp5Yll6u4Ih5SY55PNJEDb7kwIlJKyI=
golang.conradwood.net/apis/h2gproxy v1.1.4268/go.mod h1:7XcfXdDNab6oNVXCuR/xANq6AY8BGkcgaFOhCP5mrfw=
golang.conradwood.net/apis/objectstore v1.1.4186 h1:qx/c0XAvIj0WrR4hez6Z7OHccGBz6aFeQSquC57LDNA=
golang.conradwood.net/apis/objectstore v1.1.4186/go.mod h1:jUJ+BxFiYyFJmz80I4AgHjhM8JJjLk1kcIDXYOymdnk=
golang.conradwood.net/apis/objectstore v1.1.4268 h1:KEiue2+Jm77FoVbmaWDw6CQe4UL1vdicUotyjZ8WR2c=
golang.conradwood.net/apis/objectstore v1.1.4268/go.mod h1:FtPpNYGjKPN5TB10ZCxsT477vc/8eg+HJZZ37Yhgqvw=
golang.conradwood.net/apis/registry v1.1.4186 h1:YW3G1LYxNiWz6GWWW+cX8ltx5cvEJdyGOt0GSYuVpTU=
golang.conradwood.net/apis/registry v1.1.4186/go.mod h1:dJBwE2Zd7DHfJp93Ujz7ElVdI0m3xEWpAMLfW/V7Ys0=
golang.conradwood.net/apis/registry v1.1.4268 h1:0qH7wxgACYYwGKS+VlT+Zp3gI+bx4Ik0C3Nz/8vx8k4=
golang.conradwood.net/apis/registry v1.1.4268/go.mod h1:USvXx9vI/mY6NtzZITmAdcSQ9+bt4qWHPBjLQSY/XxQ=
golang.conradwood.net/go-easyops v0.1.38943 h1:BKBcnyz3roFqB6qZYZYOTForBu/LAMdu/9bQcJhyAuQ=
golang.conradwood.net/go-easyops v0.1.38943/go.mod h1:L2FFC3He7kaw/aHOyod6wb/7bl+3l5IMPDRwFD+uNWc=
golang.org/x/net v0.47.0 h1:Mx+4dIFzqraBXUugkia1OOvlD6LemFo1ALMHjrXDOhY=
golang.org/x/net v0.47.0/go.mod h1:/jNxtkgq5yWUGYkaZGqo27cfGZ1c5Nen03aYrrKpVRU=
golang.org/x/sys v0.38.0 h1:3yZWxaJjBmCWXqhN1qh02AkOnCQ1poK6oF+a7xWL6Gc=
golang.org/x/sys v0.38.0/go.mod h1:OgkHotnGiDImocRcuBABYBEXf8A9a87e/uXjp9XT3ks=
golang.org/x/text v0.31.0 h1:aC8ghyu4JhP8VojJ2lEHBnochRno1sgL6nEi9WGFGMM=
golang.org/x/text v0.31.0/go.mod h1:tKRAlv61yKIjGGHX/4tP1LTbc13YSec1pxVEWXzfoeM=
golang.yacloud.eu/apis/autodeployer2 v1.1.4186 h1:u5Z0PpbEEankntiCJTjnyxMucl+8ISJI+UZcpzhyDro=
golang.yacloud.eu/apis/autodeployer2 v1.1.4186/go.mod h1:ip4c75dDBz6qlu9dn4Fg8qns2miD1fPdVDHvv0SENBw=
golang.yacloud.eu/apis/autodeployer2 v1.1.4268 h1:sT5tLdNgCIi1V7C5+gQ9cn6i8Q0h5B2KC22v9ikDvhU=
golang.yacloud.eu/apis/autodeployer2 v1.1.4268/go.mod h1:aUGjY40dx89keT1SRbEDAs33fo4Q9YdxTXDVrzFoLeA=
golang.yacloud.eu/apis/faultindicator v1.1.4251 h1:e9GwtUiNSmE8/UgvS6suUSsWgyV/h/If2pw0fhNH/cQ=
golang.yacloud.eu/apis/faultindicator v1.1.4251/go.mod h1:V4Q8Rcv/7hpQF2QqZx+zD9ZmMvJo2XhMi6bHsUpDGMQ=
golang.yacloud.eu/apis/faultindicator v1.1.4268 h1:Tw0xFLqjnwJ5VIZdAsN7DeiotWaCy1biJWrSatF6n/4=
golang.yacloud.eu/apis/faultindicator v1.1.4268/go.mod h1:gCuBmwreLGHL3IcbwUdMqrDyXanR2CqH4WtKGW2dihQ=
golang.yacloud.eu/apis/fscache v1.1.4251 h1:UuXAv9HaAhfSDAH0iUn/FI5xP/GlE0cXOsqmb4mNXig=
golang.yacloud.eu/apis/fscache v1.1.4251/go.mod h1:4Xwizrw84eYZNbgklbWIabpIXkzfdZN++dgrqAzI1ww=
golang.yacloud.eu/apis/fscache v1.1.4268 h1:U1+ZeOCRBz3a7U6XoBMtb4khqtAoYVjLrv6uAConBMc=
golang.yacloud.eu/apis/fscache v1.1.4268/go.mod h1:n7BKq0X5zEIpIegdRu9ZCpYsKsB3B2atJJhVhzNmHGM=
golang.yacloud.eu/apis/session v1.1.4251 h1:gSniWkAqoHxRzVSwTZMda/QQKpP9KayqgVDGjFjlUNM=
golang.yacloud.eu/apis/session v1.1.4251/go.mod h1:k7CNplulcjUWPZSc6L+atSlG7LeH/AAZKAyZQhSBr8M=
golang.yacloud.eu/apis/session v1.1.4268 h1:UcB6p+aQd4d0N9PTE18KjCdSx+mbhBY5RuHz3/wMWoo=
golang.yacloud.eu/apis/session v1.1.4268/go.mod h1:Bugq6NUapeLjpbFzN8+VdmqWx3v5kPJnaoRbP8m51Rc=
golang.yacloud.eu/apis/unixipc v1.1.4251 h1:5TR/b80kmfu07/y9D02fKZ7CB4GWMTKC3ANS+f+9lRA=
golang.yacloud.eu/apis/unixipc v1.1.4251/go.mod h1:ISuWQ3rvtB1DJ6/RBWHoCkb4VJTFb3aHEHTaMiRMi4c=
golang.yacloud.eu/apis/unixipc v1.1.4268 h1:VDncLBj6W0R768SrCdzj4fIo0unYsJUiyEsxEHvpAV8=
golang.yacloud.eu/apis/unixipc v1.1.4268/go.mod h1:jmG0iynAY2MWhNHM1fImtodergwcdF4yVzKTdfXwS1U=
golang.yacloud.eu/apis/urlcacher v1.1.4186 h1:WC+tzS6g2yYT+EWMqraorrawsKmFGMXmW6wXA4QsE7g=
golang.yacloud.eu/apis/urlcacher v1.1.4186/go.mod h1:PG3Mdh2c0sxd+rzRSID+4pH/DQQc59Tr7Is1HHRZ5XY=
golang.yacloud.eu/apis/urlcacher v1.1.4268 h1:9bFTgcu8TohZOGHBg/uFAgYtNfaBsyuNGjUjQR/yAsk=
golang.yacloud.eu/apis/urlcacher v1.1.4268/go.mod h1:RxZxYCdc+Ss16jcqeHadHJ2fQmhRL5zxxPLtzQiBjXo=
golang.yacloud.eu/unixipc v0.1.31725 h1:u+tUnlgwLVzQ1bFBVM+rqARHAgwH41PrRGIVwKVrMsg=
golang.yacloud.eu/unixipc v0.1.31725/go.mod h1:BboKEBCyQzeXbtXowwSLV9U+wI32wq49ZVs72+uO/ZI=
gonum.org/v1/gonum v0.16.0 h1:5+ul4Swaf3ESvrOnidPp4GZbzf0mxVQpDCYUQE7OJfk=
gonum.org/v1/gonum v0.16.0/go.mod h1:fef3am4MQ93R2HHpKnLk4/Tbh/s0+wqD5nfa6Pnwy4E=
google.golang.org/genproto/googleapis/rpc v0.0.0-20251022142026-3a174f9686a8 h1:M1rk8KBnUsBDg1oPGHNCxG4vc1f49epmTO7xscSajMk=
google.golang.org/genproto/googleapis/rpc v0.0.0-20251022142026-3a174f9686a8/go.mod h1:7i2o+ce6H/6BluujYR+kqX3GKH+dChPTQU19wjRPiGk=
google.golang.org/grpc v1.77.0 h1:wVVY6/8cGA6vvffn+wWK5ToddbgdU3d8MNENr4evgXM=
google.golang.org/grpc v1.77.0/go.mod h1:z0BY1iVj0q8E1uSQCjL9cppRj+gnZjzDnzV0dHhrNig=
google.golang.org/protobuf v1.36.10 h1:AYd7cD/uASjIL6Q9LiTjz8JLcrh/88q5UObnmY3aOOE=
google.golang.org/protobuf v1.36.10/go.mod h1:HTf+CrKn2C3g5S8VImy6tdcUvCska2kB7j23XfzDpco=
gopkg.in/check.v1 v0.0.0-20161208181325-20d25e280405/go.mod h1:Co6ibVJAznAaIkqp8huTwlJQCZ016jof/cbN4VW5Yz0=
gopkg.in/check.v1 v1.0.0-20201130134442-10cb98267c6c h1:Hei/4ADfdWqJk1ZMxUNpqntNwaWcugrBjAiHlqqRiVk=
gopkg.in/check.v1 v1.0.0-20201130134442-10cb98267c6c/go.mod h1:JHkPIbrfpd72SG/EVd6muEfDQjcINNoR0C8j2r3qZ4Q=
gopkg.in/yaml.v2 v2.4.0 h1:D8xgwECY7CYvx+Y2n4sBz93Jn9JRvxdiyyo8CTfuKaY=
gopkg.in/yaml.v2 v2.4.0/go.mod h1:RDklbk79AGWmwhnvt/jBztapEOGDOx6ZbXqjP6csGnQ=
gopkg.in/yaml.v3 v3.0.1 h1:fxVm/GzAzEWqLHuvctI91KS9hhNmmWOoWu0XTYJS7CA=
gopkg.in/yaml.v3 v3.0.1/go.mod h1:K4uyk7z7BCEPqu6E+C64Yfv1cQ7kz7rIZviUmN+EgEM=
